// !$*UTF8*$!
{
	archiveVersion = 1;
	classes = {
	};
	objectVersion = 46;
	objects = {

/* Begin PBXBuildFile section */
		84DFAEE71A9DF55600DF5FBE /* main.m in Sources */ = {isa = PBXBuildFile; fileRef = 84DFAEE61A9DF55600DF5FBE /* main.m */; };
		84DFAEEA1A9DF55600DF5FBE /* AppDelegate.m in Sources */ = {isa = PBXBuildFile; fileRef = 84DFAEE91A9DF55600DF5FBE /* AppDelegate.m */; };
		84DFAEED1A9DF55600DF5FBE /* MasterViewController.m in Sources */ = {isa = PBXBuildFile; fileRef = 84DFAEEC1A9DF55600DF5FBE /* MasterViewController.m */; };
		84DFAEF01A9DF55600DF5FBE /* DetailViewController.m in Sources */ = {isa = PBXBuildFile; fileRef = 84DFAEEF1A9DF55600DF5FBE /* DetailViewController.m */; };
		84DFAEF31A9DF55600DF5FBE /* Main.storyboard in Resources */ = {isa = PBXBuildFile; fileRef = 84DFAEF11A9DF55600DF5FBE /* Main.storyboard */; };
		84DFAEF51A9DF55600DF5FBE /* Images.xcassets in Resources */ = {isa = PBXBuildFile; fileRef = 84DFAEF41A9DF55600DF5FBE /* Images.xcassets */; };
		84DFAEF81A9DF55600DF5FBE /* LaunchScreen.xib in Resources */ = {isa = PBXBuildFile; fileRef = 84DFAEF61A9DF55600DF5FBE /* LaunchScreen.xib */; };
		84DFAF041A9DF55800DF5FBE /* testingmodulesTests.m in Sources */ = {isa = PBXBuildFile; fileRef = 84DFAF031A9DF55800DF5FBE /* testingmodulesTests.m */; };
/* End PBXBuildFile section */

/* Begin PBXContainerItemProxy section */
		84DFAEFE1A9DF55700DF5FBE /* PBXContainerItemProxy */ = {
			isa = PBXContainerItemProxy;
			containerPortal = 84DFAED71A9DF52F00DF5FBE /* Project object */;
			proxyType = 1;
			remoteGlobalIDString = 84DFAEE01A9DF55500DF5FBE;
			remoteInfo = testingmodules;
		};
/* End PBXContainerItemProxy section */

/* Begin PBXFileReference section */
		84DFAEE11A9DF55500DF5FBE /* testingmodules.app */ = {isa = PBXFileReference; explicitFileType = wrapper.application; includeInIndex = 0; path = testingmodules.app; sourceTree = BUILT_PRODUCTS_DIR; };
		84DFAEE51A9DF55600DF5FBE /* Info.plist */ = {isa = PBXFileReference; lastKnownFileType = text.plist.xml; path = Info.plist; sourceTree = "<group>"; };
		84DFAEE61A9DF55600DF5FBE /* main.m */ = {isa = PBXFileReference; lastKnownFileType = sourcecode.c.objc; path = main.m; sourceTree = "<group>"; };
		84DFAEE81A9DF55600DF5FBE /* AppDelegate.h */ = {isa = PBXFileReference; lastKnownFileType = sourcecode.c.h; path = AppDelegate.h; sourceTree = "<group>"; };
		84DFAEE91A9DF55600DF5FBE /* AppDelegate.m */ = {isa = PBXFileReference; lastKnownFileType = sourcecode.c.objc; path = AppDelegate.m; sourceTree = "<group>"; };
		84DFAEEB1A9DF55600DF5FBE /* MasterViewController.h */ = {isa = PBXFileReference; lastKnownFileType = sourcecode.c.h; path = MasterViewController.h; sourceTree = "<group>"; };
		84DFAEEC1A9DF55600DF5FBE /* MasterViewController.m */ = {isa = PBXFileReference; lastKnownFileType = sourcecode.c.objc; path = MasterViewController.m; sourceTree = "<group>"; };
		84DFAEEE1A9DF55600DF5FBE /* DetailViewController.h */ = {isa = PBXFileReference; lastKnownFileType = sourcecode.c.h; path = DetailViewController.h; sourceTree = "<group>"; };
		84DFAEEF1A9DF55600DF5FBE /* DetailViewController.m */ = {isa = PBXFileReference; lastKnownFileType = sourcecode.c.objc; path = DetailViewController.m; sourceTree = "<group>"; };
		84DFAEF21A9DF55600DF5FBE /* Base */ = {isa = PBXFileReference; lastKnownFileType = file.storyboard; name = Base; path = Base.lproj/Main.storyboard; sourceTree = "<group>"; };
		84DFAEF41A9DF55600DF5FBE /* Images.xcassets */ = {isa = PBXFileReference; lastKnownFileType = folder.assetcatalog; path = Images.xcassets; sourceTree = "<group>"; };
		84DFAEF71A9DF55600DF5FBE /* Base */ = {isa = PBXFileReference; lastKnownFileType = file.xib; name = Base; path = Base.lproj/LaunchScreen.xib; sourceTree = "<group>"; };
		84DFAEFD1A9DF55700DF5FBE /* testingmodulesTests.xctest */ = {isa = PBXFileReference; explicitFileType = wrapper.cfbundle; includeInIndex = 0; path = testingmodulesTests.xctest; sourceTree = BUILT_PRODUCTS_DIR; };
		84DFAF021A9DF55800DF5FBE /* Info.plist */ = {isa = PBXFileReference; lastKnownFileType = text.plist.xml; path = Info.plist; sourceTree = "<group>"; };
		84DFAF031A9DF55800DF5FBE /* testingmodulesTests.m */ = {isa = PBXFileReference; lastKnownFileType = sourcecode.c.objc; path = testingmodulesTests.m; sourceTree = "<group>"; };
/* End PBXFileReference section */

/* Begin PBXFrameworksBuildPhase section */
		84DFAEDE1A9DF55500DF5FBE /* Frameworks */ = {
			isa = PBXFrameworksBuildPhase;
			buildActionMask = 2147483647;
			files = (
			);
			runOnlyForDeploymentPostprocessing = 0;
		};
		84DFAEFA1A9DF55700DF5FBE /* Frameworks */ = {
			isa = PBXFrameworksBuildPhase;
			buildActionMask = 2147483647;
			files = (
			);
			runOnlyForDeploymentPostprocessing = 0;
		};
/* End PBXFrameworksBuildPhase section */

/* Begin PBXGroup section */
		84DFAED61A9DF52F00DF5FBE = {
			isa = PBXGroup;
			children = (
				84DFAEE31A9DF55500DF5FBE /* testingmodules */,
				84DFAF001A9DF55700DF5FBE /* testingmodulesTests */,
				84DFAEE21A9DF55500DF5FBE /* Products */,
			);
			sourceTree = "<group>";
		};
		84DFAEE21A9DF55500DF5FBE /* Products */ = {
			isa = PBXGroup;
			children = (
				84DFAEE11A9DF55500DF5FBE /* testingmodules.app */,
				84DFAEFD1A9DF55700DF5FBE /* testingmodulesTests.xctest */,
			);
			name = Products;
			sourceTree = "<group>";
		};
		84DFAEE31A9DF55500DF5FBE /* testingmodules */ = {
			isa = PBXGroup;
			children = (
				84DFAEE81A9DF55600DF5FBE /* AppDelegate.h */,
				84DFAEE91A9DF55600DF5FBE /* AppDelegate.m */,
				84DFAEEB1A9DF55600DF5FBE /* MasterViewController.h */,
				84DFAEEC1A9DF55600DF5FBE /* MasterViewController.m */,
				84DFAEEE1A9DF55600DF5FBE /* DetailViewController.h */,
				84DFAEEF1A9DF55600DF5FBE /* DetailViewController.m */,
				84DFAEF11A9DF55600DF5FBE /* Main.storyboard */,
				84DFAEF41A9DF55600DF5FBE /* Images.xcassets */,
				84DFAEF61A9DF55600DF5FBE /* LaunchScreen.xib */,
				84DFAEE41A9DF55600DF5FBE /* Supporting Files */,
			);
			path = testingmodules;
			sourceTree = "<group>";
		};
		84DFAEE41A9DF55600DF5FBE /* Supporting Files */ = {
			isa = PBXGroup;
			children = (
				84DFAEE51A9DF55600DF5FBE /* Info.plist */,
				84DFAEE61A9DF55600DF5FBE /* main.m */,
			);
			name = "Supporting Files";
			sourceTree = "<group>";
		};
		84DFAF001A9DF55700DF5FBE /* testingmodulesTests */ = {
			isa = PBXGroup;
			children = (
				84DFAF031A9DF55800DF5FBE /* testingmodulesTests.m */,
				84DFAF011A9DF55800DF5FBE /* Supporting Files */,
			);
			path = testingmodulesTests;
			sourceTree = "<group>";
		};
		84DFAF011A9DF55800DF5FBE /* Supporting Files */ = {
			isa = PBXGroup;
			children = (
				84DFAF021A9DF55800DF5FBE /* Info.plist */,
			);
			name = "Supporting Files";
			sourceTree = "<group>";
		};
/* End PBXGroup section */

/* Begin PBXNativeTarget section */
		84DFAEE01A9DF55500DF5FBE /* testingmodules */ = {
			isa = PBXNativeTarget;
			buildConfigurationList = 84DFAF051A9DF55800DF5FBE /* Build configuration list for PBXNativeTarget "testingmodules" */;
			buildPhases = (
				84DFAEDD1A9DF55500DF5FBE /* Sources */,
				84DFAEDE1A9DF55500DF5FBE /* Frameworks */,
				84DFAEDF1A9DF55500DF5FBE /* Resources */,
			);
			buildRules = (
			);
			dependencies = (
			);
			name = testingmodules;
			productName = testingmodules;
			productReference = 84DFAEE11A9DF55500DF5FBE /* testingmodules.app */;
			productType = "com.apple.product-type.application";
		};
		84DFAEFC1A9DF55700DF5FBE /* testingmodulesTests */ = {
			isa = PBXNativeTarget;
			buildConfigurationList = 84DFAF081A9DF55800DF5FBE /* Build configuration list for PBXNativeTarget "testingmodulesTests" */;
			buildPhases = (
				84DFAEF91A9DF55700DF5FBE /* Sources */,
				84DFAEFA1A9DF55700DF5FBE /* Frameworks */,
				84DFAEFB1A9DF55700DF5FBE /* Resources */,
			);
			buildRules = (
			);
			dependencies = (
				84DFAEFF1A9DF55700DF5FBE /* PBXTargetDependency */,
			);
			name = testingmodulesTests;
			productName = testingmodulesTests;
			productReference = 84DFAEFD1A9DF55700DF5FBE /* testingmodulesTests.xctest */;
			productType = "com.apple.product-type.bundle.unit-test";
		};
/* End PBXNativeTarget section */

/* Begin PBXProject section */
		84DFAED71A9DF52F00DF5FBE /* Project object */ = {
			isa = PBXProject;
			attributes = {
				LastUpgradeCheck = 0610;
				TargetAttributes = {
					84DFAEE01A9DF55500DF5FBE = {
						CreatedOnToolsVersion = 6.1.1;
					};
					84DFAEFC1A9DF55700DF5FBE = {
						CreatedOnToolsVersion = 6.1.1;
						TestTargetID = 84DFAEE01A9DF55500DF5FBE;
					};
				};
			};
			buildConfigurationList = 84DFAEDA1A9DF52F00DF5FBE /* Build configuration list for PBXProject "testingmodules" */;
			compatibilityVersion = "Xcode 3.2";
			developmentRegion = English;
			hasScannedForEncodings = 0;
			knownRegions = (
				en,
				Base,
			);
			mainGroup = 84DFAED61A9DF52F00DF5FBE;
			productRefGroup = 84DFAEE21A9DF55500DF5FBE /* Products */;
			projectDirPath = "";
			projectRoot = "";
			targets = (
				84DFAEE01A9DF55500DF5FBE /* testingmodules */,
				84DFAEFC1A9DF55700DF5FBE /* testingmodulesTests */,
			);
		};
/* End PBXProject section */

/* Begin PBXResourcesBuildPhase section */
		84DFAEDF1A9DF55500DF5FBE /* Resources */ = {
			isa = PBXResourcesBuildPhase;
			buildActionMask = 2147483647;
			files = (
				84DFAEF31A9DF55600DF5FBE /* Main.storyboard in Resources */,
				84DFAEF81A9DF55600DF5FBE /* LaunchScreen.xib in Resources */,
				84DFAEF51A9DF55600DF5FBE /* Images.xcassets in Resources */,
			);
			runOnlyForDeploymentPostprocessing = 0;
		};
		84DFAEFB1A9DF55700DF5FBE /* Resources */ = {
			isa = PBXResourcesBuildPhase;
			buildActionMask = 2147483647;
			files = (
			);
			runOnlyForDeploymentPostprocessing = 0;
		};
/* End PBXResourcesBuildPhase section */

/* Begin PBXSourcesBuildPhase section */
		84DFAEDD1A9DF55500DF5FBE /* Sources */ = {
			isa = PBXSourcesBuildPhase;
			buildActionMask = 2147483647;
			files = (
				84DFAEEA1A9DF55600DF5FBE /* AppDelegate.m in Sources */,
				84DFAEED1A9DF55600DF5FBE /* MasterViewController.m in Sources */,
				84DFAEE71A9DF55600DF5FBE /* main.m in Sources */,
				84DFAEF01A9DF55600DF5FBE /* DetailViewController.m in Sources */,
			);
			runOnlyForDeploymentPostprocessing = 0;
		};
		84DFAEF91A9DF55700DF5FBE /* Sources */ = {
			isa = PBXSourcesBuildPhase;
			buildActionMask = 2147483647;
			files = (
				84DFAF041A9DF55800DF5FBE /* testingmodulesTests.m in Sources */,
			);
			runOnlyForDeploymentPostprocessing = 0;
		};
/* End PBXSourcesBuildPhase section */

/* Begin PBXTargetDependency section */
		84DFAEFF1A9DF55700DF5FBE /* PBXTargetDependency */ = {
			isa = PBXTargetDependency;
			target = 84DFAEE01A9DF55500DF5FBE /* testingmodules */;
			targetProxy = 84DFAEFE1A9DF55700DF5FBE /* PBXContainerItemProxy */;
		};
/* End PBXTargetDependency section */

/* Begin PBXVariantGroup section */
		84DFAEF11A9DF55600DF5FBE /* Main.storyboard */ = {
			isa = PBXVariantGroup;
			children = (
				84DFAEF21A9DF55600DF5FBE /* Base */,
			);
			name = Main.storyboard;
			sourceTree = "<group>";
		};
		84DFAEF61A9DF55600DF5FBE /* LaunchScreen.xib */ = {
			isa = PBXVariantGroup;
			children = (
				84DFAEF71A9DF55600DF5FBE /* Base */,
			);
			name = LaunchScreen.xib;
			sourceTree = "<group>";
		};
/* End PBXVariantGroup section */

/* Begin XCBuildConfiguration section */
		84DFAEDB1A9DF52F00DF5FBE /* Debug */ = {
			isa = XCBuildConfiguration;
			buildSettings = {
			};
			name = Debug;
		};
		84DFAEDC1A9DF52F00DF5FBE /* Release */ = {
			isa = XCBuildConfiguration;
			buildSettings = {
			};
			name = Release;
		};
		84DFAF061A9DF55800DF5FBE /* Debug */ = {
			isa = XCBuildConfiguration;
			buildSettings = {
				ALWAYS_SEARCH_USER_PATHS = NO;
				ASSETCATALOG_COMPILER_APPICON_NAME = AppIcon;
				CLANG_CXX_LANGUAGE_STANDARD = "gnu++0x";
				CLANG_CXX_LIBRARY = "libc++";
				CLANG_ENABLE_MODULES = YES;
				CLANG_ENABLE_OBJC_ARC = YES;
				CLANG_WARN_BOOL_CONVERSION = YES;
				CLANG_WARN_CONSTANT_CONVERSION = YES;
				CLANG_WARN_DIRECT_OBJC_ISA_USAGE = YES_ERROR;
				CLANG_WARN_EMPTY_BODY = YES;
				CLANG_WARN_ENUM_CONVERSION = YES;
				CLANG_WARN_INT_CONVERSION = YES;
				CLANG_WARN_OBJC_ROOT_CLASS = YES_ERROR;
				CLANG_WARN_UNREACHABLE_CODE = YES;
				CLANG_WARN__DUPLICATE_METHOD_MATCH = YES;
				"CODE_SIGN_IDENTITY[sdk=iphoneos*]" = "iPhone Developer";
				COPY_PHASE_STRIP = NO;
				ENABLE_STRICT_OBJC_MSGSEND = YES;
				GCC_C_LANGUAGE_STANDARD = gnu99;
				GCC_DYNAMIC_NO_PIC = NO;
				GCC_OPTIMIZATION_LEVEL = 0;
				GCC_PREPROCESSOR_DEFINITIONS = (
					"DEBUG=1",
					"$(inherited)",
				);
				GCC_SYMBOLS_PRIVATE_EXTERN = NO;
				GCC_WARN_64_TO_32_BIT_CONVERSION = YES;
				GCC_WARN_ABOUT_RETURN_TYPE = YES_ERROR;
				GCC_WARN_UNDECLARED_SELECTOR = YES;
				GCC_WARN_UNINITIALIZED_AUTOS = YES_AGGRESSIVE;
				GCC_WARN_UNUSED_FUNCTION = YES;
				GCC_WARN_UNUSED_VARIABLE = YES;
				INFOPLIST_FILE = testingmodules/Info.plist;
				IPHONEOS_DEPLOYMENT_TARGET = 8.1;
				LD_RUNPATH_SEARCH_PATHS = "$(inherited) @executable_path/Frameworks";
				MTL_ENABLE_DEBUG_INFO = YES;
				ONLY_ACTIVE_ARCH = YES;
				PRODUCT_NAME = "$(TARGET_NAME)";
				SDKROOT = iphoneos;
				TARGETED_DEVICE_FAMILY = 2;
			};
			name = Debug;
		};
		84DFAF071A9DF55800DF5FBE /* Release */ = {
			isa = XCBuildConfiguration;
			buildSettings = {
				ALWAYS_SEARCH_USER_PATHS = NO;
				ASSETCATALOG_COMPILER_APPICON_NAME = AppIcon;
				CLANG_CXX_LANGUAGE_STANDARD = "gnu++0x";
				CLANG_CXX_LIBRARY = "libc++";
				CLANG_ENABLE_MODULES = YES;
				CLANG_ENABLE_OBJC_ARC = YES;
				CLANG_WARN_BOOL_CONVERSION = YES;
				CLANG_WARN_CONSTANT_CONVERSION = YES;
				CLANG_WARN_DIRECT_OBJC_ISA_USAGE = YES_ERROR;
				CLANG_WARN_EMPTY_BODY = YES;
				CLANG_WARN_ENUM_CONVERSION = YES;
				CLANG_WARN_INT_CONVERSION = YES;
				CLANG_WARN_OBJC_ROOT_CLASS = YES_ERROR;
				CLANG_WARN_UNREACHABLE_CODE = YES;
				CLANG_WARN__DUPLICATE_METHOD_MATCH = YES;
				"CODE_SIGN_IDENTITY[sdk=iphoneos*]" = "iPhone Developer";
				COPY_PHASE_STRIP = YES;
				ENABLE_NS_ASSERTIONS = NO;
				ENABLE_STRICT_OBJC_MSGSEND = YES;
				GCC_C_LANGUAGE_STANDARD = gnu99;
				GCC_WARN_64_TO_32_BIT_CONVERSION = YES;
				GCC_WARN_ABOUT_RETURN_TYPE = YES_ERROR;
				GCC_WARN_UNDECLARED_SELECTOR = YES;
				GCC_WARN_UNINITIALIZED_AUTOS = YES_AGGRESSIVE;
				GCC_WARN_UNUSED_FUNCTION = YES;
				GCC_WARN_UNUSED_VARIABLE = YES;
				INFOPLIST_FILE = testingmodules/Info.plist;
				IPHONEOS_DEPLOYMENT_TARGET = 8.1;
				LD_RUNPATH_SEARCH_PATHS = "$(inherited) @executable_path/Frameworks";
				MTL_ENABLE_DEBUG_INFO = NO;
				PRODUCT_NAME = "$(TARGET_NAME)";
				SDKROOT = iphoneos;
				TARGETED_DEVICE_FAMILY = 2;
				VALIDATE_PRODUCT = YES;
			};
			name = Release;
		};
		84DFAF091A9DF55800DF5FBE /* Debug */ = {
			isa = XCBuildConfiguration;
			buildSettings = {
				ALWAYS_SEARCH_USER_PATHS = NO;
				BUNDLE_LOADER = "$(TEST_HOST)";
				CLANG_CXX_LANGUAGE_STANDARD = "gnu++0x";
				CLANG_CXX_LIBRARY = "libc++";
				CLANG_ENABLE_MODULES = YES;
				CLANG_ENABLE_OBJC_ARC = YES;
				CLANG_WARN_BOOL_CONVERSION = YES;
				CLANG_WARN_CONSTANT_CONVERSION = YES;
				CLANG_WARN_DIRECT_OBJC_ISA_USAGE = YES_ERROR;
				CLANG_WARN_EMPTY_BODY = YES;
				CLANG_WARN_ENUM_CONVERSION = YES;
				CLANG_WARN_INT_CONVERSION = YES;
				CLANG_WARN_OBJC_ROOT_CLASS = YES_ERROR;
				CLANG_WARN_UNREACHABLE_CODE = YES;
				CLANG_WARN__DUPLICATE_METHOD_MATCH = YES;
				COPY_PHASE_STRIP = NO;
				ENABLE_STRICT_OBJC_MSGSEND = YES;
				FRAMEWORK_SEARCH_PATHS = (
					"$(SDKROOT)/Developer/Library/Frameworks",
					"$(inherited)",
				);
				GCC_C_LANGUAGE_STANDARD = gnu99;
				GCC_DYNAMIC_NO_PIC = NO;
				GCC_OPTIMIZATION_LEVEL = 0;
				GCC_PREPROCESSOR_DEFINITIONS = (
					"DEBUG=1",
					"$(inherited)",
				);
				GCC_SYMBOLS_PRIVATE_EXTERN = NO;
				GCC_WARN_64_TO_32_BIT_CONVERSION = YES;
				GCC_WARN_ABOUT_RETURN_TYPE = YES_ERROR;
				GCC_WARN_UNDECLARED_SELECTOR = YES;
				GCC_WARN_UNINITIALIZED_AUTOS = YES_AGGRESSIVE;
				GCC_WARN_UNUSED_FUNCTION = YES;
				GCC_WARN_UNUSED_VARIABLE = YES;
				INFOPLIST_FILE = testingmodulesTests/Info.plist;
				IPHONEOS_DEPLOYMENT_TARGET = 8.1;
				LD_RUNPATH_SEARCH_PATHS = "$(inherited) @executable_path/Frameworks @loader_path/Frameworks";
				MTL_ENABLE_DEBUG_INFO = YES;
				ONLY_ACTIVE_ARCH = YES;
				PRODUCT_NAME = "$(TARGET_NAME)";
				SDKROOT = iphoneos;
				TEST_HOST = "$(BUILT_PRODUCTS_DIR)/testingmodules.app/testingmodules";
			};
			name = Debug;
		};
		84DFAF0A1A9DF55800DF5FBE /* Release */ = {
			isa = XCBuildConfiguration;
			buildSettings = {
				ALWAYS_SEARCH_USER_PATHS = NO;
				BUNDLE_LOADER = "$(TEST_HOST)";
				CLANG_CXX_LANGUAGE_STANDARD = "gnu++0x";
				CLANG_CXX_LIBRARY = "libc++";
				CLANG_ENABLE_MODULES = YES;
				CLANG_ENABLE_OBJC_ARC = YES;
				CLANG_WARN_BOOL_CONVERSION = YES;
				CLANG_WARN_CONSTANT_CONVERSION = YES;
				CLANG_WARN_DIRECT_OBJC_ISA_USAGE = YES_ERROR;
				CLANG_WARN_EMPTY_BODY = YES;
				CLANG_WARN_ENUM_CONVERSION = YES;
				CLANG_WARN_INT_CONVERSION = YES;
				CLANG_WARN_OBJC_ROOT_CLASS = YES_ERROR;
				CLANG_WARN_UNREACHABLE_CODE = YES;
				CLANG_WARN__DUPLICATE_METHOD_MATCH = YES;
				COPY_PHASE_STRIP = YES;
				ENABLE_NS_ASSERTIONS = NO;
				ENABLE_STRICT_OBJC_MSGSEND = YES;
				FRAMEWORK_SEARCH_PATHS = (
					"$(SDKROOT)/Developer/Library/Frameworks",
					"$(inherited)",
				);
				GCC_C_LANGUAGE_STANDARD = gnu99;
				GCC_WARN_64_TO_32_BIT_CONVERSION = YES;
				GCC_WARN_ABOUT_RETURN_TYPE = YES_ERROR;
				GCC_WARN_UNDECLARED_SELECTOR = YES;
				GCC_WARN_UNINITIALIZED_AUTOS = YES_AGGRESSIVE;
				GCC_WARN_UNUSED_FUNCTION = YES;
				GCC_WARN_UNUSED_VARIABLE = YES;
				INFOPLIST_FILE = testingmodulesTests/Info.plist;
				IPHONEOS_DEPLOYMENT_TARGET = 8.1;
				LD_RUNPATH_SEARCH_PATHS = "$(inherited) @executable_path/Frameworks @loader_path/Frameworks";
				MTL_ENABLE_DEBUG_INFO = NO;
				PRODUCT_NAME = "$(TARGET_NAME)";
				SDKROOT = iphoneos;
				TEST_HOST = "$(BUILT_PRODUCTS_DIR)/testingmodules.app/testingmodules";
				VALIDATE_PRODUCT = YES;
			};
			name = Release;
		};
/* End XCBuildConfiguration section */

/* Begin XCConfigurationList section */
		84DFAEDA1A9DF52F00DF5FBE /* Build configuration list for PBXProject "testingmodules" */ = {
			isa = XCConfigurationList;
			buildConfigurations = (
				84DFAEDB1A9DF52F00DF5FBE /* Debug */,
				84DFAEDC1A9DF52F00DF5FBE /* Release */,
			);
			defaultConfigurationIsVisible = 0;
			defaultConfigurationName = Release;
		};
		84DFAF051A9DF55800DF5FBE /* Build configuration list for PBXNativeTarget "testingmodules" */ = {
			isa = XCConfigurationList;
			buildConfigurations = (
				84DFAF061A9DF55800DF5FBE /* Debug */,
				84DFAF071A9DF55800DF5FBE /* Release */,
			);
			defaultConfigurationIsVisible = 0;
		};
		84DFAF081A9DF55800DF5FBE /* Build configuration list for PBXNativeTarget "testingmodulesTests" */ = {
			isa = XCConfigurationList;
			buildConfigurations = (
				84DFAF091A9DF55800DF5FBE /* Debug */,
				84DFAF0A1A9DF55800DF5FBE /* Release */,
			);
			defaultConfigurationIsVisible = 0;
		};
/* End XCConfigurationList section */
	};
	rootObject = 84DFAED71A9DF52F00DF5FBE /* Project object */;
}
